
Microsoft Visual Studio Solution File, Format Version 12.00
# Visual Studio 15
VisualStudioVersion = 15.0.27703.2026
MinimumVisualStudioVersion = 10.0.40219.1
Project("{F184B08F-C81C-45F6-A57F-5ABD9991F28F}") = "MDM.CorsoVB.ConsoleApp", "MDM.CorsoVB.ConsoleApp\MDM.CorsoVB.ConsoleApp.vbproj", "{F2C2E1A8-E919-47FD-ACD6-6DFD98A294D4}"
EndProject
Global
	GlobalSection(SolutionConfigurationPlatforms) = preSolution
		Debug|Any CPU = Debug|Any CPU
		Release|Any CPU = Release|Any CPU
	EndGlobalSection
	GlobalSection(ProjectConfigurationPlatforms) = postSolution
		{F2C2E1A8-E919-47FD-ACD6-6DFD98A294D4}.Debug|Any CPU.ActiveCfg = Debug|Any CPU
		{F2C2E1A8-E919-47FD-ACD6-6DFD98A294D4}.Debug|Any CPU.Build.0 = Debug|Any CPU
		{F2C2E1A8-E919-47FD-ACD6-6DFD98A294D4}.Release|Any CPU.ActiveCfg = Release|Any CPU
		{F2C2E1A8-E919-47FD-ACD6-6DFD98A294D4}.Release|Any CPU.Build.0 = Release|Any CPU
	EndGlobalSection
	GlobalSection(SolutionProperties) = preSolution
		HideSolutionNode = FALSE
	EndGlobalSection
	GlobalSection(ExtensibilityGlobals) = postSolution
		SolutionGuid = {38EC3A7B-CE5D-4AA9-9AB1-5371C4255B38}
	EndGlobalSection
EndGlobal
